
Microsoft Visual Studio Solution File, Format Version 12.00
# Visual Studio 15
Project("{FAE04EC0-301F-11D3-BF4B-00C04F79EFBC}") = "ServiceConcurrency", "ServiceConcurrency\ServiceConcurrency.csproj", "{EC55AD94-C589-4887-8165-328FC3120D4E}"
EndProject
Global
	GlobalSection(SolutionConfigurationPlatforms) = preSolution
		Debug|Any CPU = Debug|Any CPU
		Release|Any CPU = Release|Any CPU
	EndGlobalSection
	GlobalSection(ProjectConfigurationPlatforms) = postSolution
		{EC55AD94-C589-4887-8165-328FC3120D4E}.Debug|Any CPU.ActiveCfg = Debug|Any CPU
		{EC55AD94-C589-4887-8165-328FC3120D4E}.Debug|Any CPU.Build.0 = Debug|Any CPU
		{EC55AD94-C589-4887-8165-328FC3120D4E}.Release|Any CPU.ActiveCfg = Release|Any CPU
		{EC55AD94-C589-4887-8165-328FC3120D4E}.Release|Any CPU.Build.0 = Release|Any CPU
	EndGlobalSection
EndGlobal
